// !$*UTF8*$!
{
	archiveVersion = 1;
	classes = {
	};
	objectVersion = 56;
	objects = {

/* Begin PBXBuildFile section */
		D35FC56B2AAFDC4000BC5D14 /* AppDelegate.swift in Sources */ = {isa = PBXBuildFile; fileRef = D35FC56A2AAFDC4000BC5D14 /* AppDelegate.swift */; };
		D35FC56D2AAFDC4000BC5D14 /* SceneDelegate.swift in Sources */ = {isa = PBXBuildFile; fileRef = D35FC56C2AAFDC4000BC5D14 /* SceneDelegate.swift */; };
		D35FC56F2AAFDC4000BC5D14 /* ViewController.swift in Sources */ = {isa = PBXBuildFile; fileRef = D35FC56E2AAFDC4000BC5D14 /* ViewController.swift */; };
		D35FC5742AAFDC4200BC5D14 /* Assets.xcassets in Resources */ = {isa = PBXBuildFile; fileRef = D35FC5732AAFDC4200BC5D14 /* Assets.xcassets */; };
		D35FC5772AAFDC4200BC5D14 /* LaunchScreen.storyboard in Resources */ = {isa = PBXBuildFile; fileRef = D35FC5752AAFDC4200BC5D14 /* LaunchScreen.storyboard */; };
		D35FC5812AAFEB8400BC5D14 /* TableCell.swift in Sources */ = {isa = PBXBuildFile; fileRef = D35FC5802AAFEB8400BC5D14 /* TableCell.swift */; };
		D35FC5832AAFECB900BC5D14 /* ShoppingItems.swift in Sources */ = {isa = PBXBuildFile; fileRef = D35FC5822AAFECB900BC5D14 /* ShoppingItems.swift */; };
		D35FC5852AB0F08200BC5D14 /* CollectionCell.swift in Sources */ = {isa = PBXBuildFile; fileRef = D35FC5842AB0F08200BC5D14 /* CollectionCell.swift */; };
/* End PBXBuildFile section */

/* Begin PBXFileReference section */
		D35FC5672AAFDC4000BC5D14 /* CollectionView In TableView.app */ = {isa = PBXFileReference; explicitFileType = wrapper.application; includeInIndex = 0; path = "CollectionView In TableView.app"; sourceTree = BUILT_PRODUCTS_DIR; };
		D35FC56A2AAFDC4000BC5D14 /* AppDelegate.swift */ = {isa = PBXFileReference; lastKnownFileType = sourcecode.swift; path = AppDelegate.swift; sourceTree = "<group>"; };
		D35FC56C2AAFDC4000BC5D14 /* SceneDelegate.swift */ = {isa = PBXFileReference; lastKnownFileType = sourcecode.swift; path = SceneDelegate.swift; sourceTree = "<group>"; };
		D35FC56E2AAFDC4000BC5D14 /* ViewController.swift */ = {isa = PBXFileReference; lastKnownFileType = sourcecode.swift; path = ViewController.swift; sourceTree = "<group>"; };
		D35FC5732AAFDC4200BC5D14 /* Assets.xcassets */ = {isa = PBXFileReference; lastKnownFileType = folder.assetcatalog; path = Assets.xcassets; sourceTree = "<group>"; };
		D35FC5762AAFDC4200BC5D14 /* Base */ = {isa = PBXFileReference; lastKnownFileType = file.storyboard; name = Base; path = Base.lproj/LaunchScreen.storyboard; sourceTree = "<group>"; };
		D35FC5782AAFDC4200BC5D14 /* Info.plist */ = {isa = PBXFileReference; lastKnownFileType = text.plist.xml; path = Info.plist; sourceTree = "<group>"; };
		D35FC5802AAFEB8400BC5D14 /* TableCell.swift */ = {isa = PBXFileReference; lastKnownFileType = sourcecode.swift; path = TableCell.swift; sourceTree = "<group>"; };
		D35FC5822AAFECB900BC5D14 /* ShoppingItems.swift */ = {isa = PBXFileReference; lastKnownFileType = sourcecode.swift; path = ShoppingItems.swift; sourceTree = "<group>"; };
		D35FC5842AB0F08200BC5D14 /* CollectionCell.swift */ = {isa = PBXFileReference; lastKnownFileType = sourcecode.swift; path = CollectionCell.swift; sourceTree = "<group>"; };
/* End PBXFileReference section */

/* Begin PBXFrameworksBuildPhase section */
		D35FC5642AAFDC4000BC5D14 /* Frameworks */ = {
			isa = PBXFrameworksBuildPhase;
			buildActionMask = 2147483647;
			files = (
			);
			runOnlyForDeploymentPostprocessing = 0;
		};
/* End PBXFrameworksBuildPhase section */

/* Begin PBXGroup section */
		D35FC55E2AAFDC4000BC5D14 = {
			isa = PBXGroup;
			children = (
				D35FC5692AAFDC4000BC5D14 /* CollectionView In TableView */,
				D35FC5682AAFDC4000BC5D14 /* Products */,
			);
			sourceTree = "<group>";
		};
		D35FC5682AAFDC4000BC5D14 /* Products */ = {
			isa = PBXGroup;
			children = (
				D35FC5672AAFDC4000BC5D14 /* CollectionView In TableView.app */,
			);
			name = Products;
			sourceTree = "<group>";
		};
		D35FC5692AAFDC4000BC5D14 /* CollectionView In TableView */ = {
			isa = PBXGroup;
			children = (
				D35FC56A2AAFDC4000BC5D14 /* AppDelegate.swift */,
				D35FC56C2AAFDC4000BC5D14 /* SceneDelegate.swift */,
				D35FC56E2AAFDC4000BC5D14 /* ViewController.swift */,
				D35FC5802AAFEB8400BC5D14 /* TableCell.swift */,
				D35FC5842AB0F08200BC5D14 /* CollectionCell.swift */,
				D35FC5822AAFECB900BC5D14 /* ShoppingItems.swift */,
				D35FC5732AAFDC4200BC5D14 /* Assets.xcassets */,
				D35FC5752AAFDC4200BC5D14 /* LaunchScreen.storyboard */,
				D35FC5782AAFDC4200BC5D14 /* Info.plist */,
			);
			path = "CollectionView In TableView";
			sourceTree = "<group>";
		};
/* End PBXGroup section */

/* Begin PBXNativeTarget section */
		D35FC5662AAFDC4000BC5D14 /* CollectionView In TableView */ = {
			isa = PBXNativeTarget;
			buildConfigurationList = D35FC57B2AAFDC4200BC5D14 /* Build configuration list for PBXNativeTarget "CollectionView In TableView" */;
			buildPhases = (
				D35FC5632AAFDC4000BC5D14 /* Sources */,
				D35FC5642AAFDC4000BC5D14 /* Frameworks */,
				D35FC5652AAFDC4000BC5D14 /* Resources */,
			);
			buildRules = (
			);
			dependencies = (
			);
			name = "CollectionView In TableView";
			productName = "CollectionView In TableView";
			productReference = D35FC5672AAFDC4000BC5D14 /* CollectionView In TableView.app */;
			productType = "com.apple.product-type.application";
		};
/* End PBXNativeTarget section */

/* Begin PBXProject section */
		D35FC55F2AAFDC4000BC5D14 /* Project object */ = {
			isa = PBXProject;
			attributes = {
				BuildIndependentTargetsInParallel = 1;
				LastSwiftUpdateCheck = 1430;
				LastUpgradeCheck = 1430;
				TargetAttributes = {
					D35FC5662AAFDC4000BC5D14 = {
						CreatedOnToolsVersion = 14.3.1;
					};
				};
			};
			buildConfigurationList = D35FC5622AAFDC4000BC5D14 /* Build configuration list for PBXProject "CollectionView In TableView" */;
			compatibilityVersion = "Xcode 14.0";
			developmentRegion = en;
			hasScannedForEncodings = 0;
			knownRegions = (
				en,
				Base,
			);
			mainGroup = D35FC55E2AAFDC4000BC5D14;
			productRefGroup = D35FC5682AAFDC4000BC5D14 /* Products */;
			projectDirPath = "";
			projectRoot = "";
			targets = (
				D35FC5662AAFDC4000BC5D14 /* CollectionView In TableView */,
			);
		};
/* End PBXProject section */

/* Begin PBXResourcesBuildPhase section */
		D35FC5652AAFDC4000BC5D14 /* Resources */ = {
			isa = PBXResourcesBuildPhase;
			buildActionMask = 2147483647;
			files = (
				D35FC5772AAFDC4200BC5D14 /* LaunchScreen.storyboard in Resources */,
				D35FC5742AAFDC4200BC5D14 /* Assets.xcassets in Resources */,
			);
			runOnlyForDeploymentPostprocessing = 0;
		};
/* End PBXResourcesBuildPhase section */

/* Begin PBXSourcesBuildPhase section */
		D35FC5632AAFDC4000BC5D14 /* Sources */ = {
			isa = PBXSourcesBuildPhase;
			buildActionMask = 2147483647;
			files = (
				D35FC56F2AAFDC4000BC5D14 /* ViewController.swift in Sources */,
				D35FC56B2AAFDC4000BC5D14 /* AppDelegate.swift in Sources */,
				D35FC5832AAFECB900BC5D14 /* ShoppingItems.swift in Sources */,
				D35FC5812AAFEB8400BC5D14 /* TableCell.swift in Sources */,
				D35FC56D2AAFDC4000BC5D14 /* SceneDelegate.swift in Sources */,
				D35FC5852AB0F08200BC5D14 /* CollectionCell.swift in Sources */,
			);
			runOnlyForDeploymentPostprocessing = 0;
		};
/* End PBXSourcesBuildPhase section */

/* Begin PBXVariantGroup section */
		D35FC5752AAFDC4200BC5D14 /* LaunchScreen.storyboard */ = {
			isa = PBXVariantGroup;
			children = (
				D35FC5762AAFDC4200BC5D14 /* Base */,
			);
			name = LaunchScreen.storyboard;
			sourceTree = "<group>";
		};
/* End PBXVariantGroup section */

/* Begin XCBuildConfiguration section */
		D35FC5792AAFDC4200BC5D14 /* Debug */ = {
			isa = XCBuildConfiguration;
			buildSettings = {
				ALWAYS_SEARCH_USER_PATHS = NO;
				CLANG_ANALYZER_NONNULL = YES;
				CLANG_ANALYZER_NUMBER_OBJECT_CONVERSION = YES_AGGRESSIVE;
				CLANG_CXX_LANGUAGE_STANDARD = "gnu++20";
				CLANG_ENABLE_MODULES = YES;
				CLANG_ENABLE_OBJC_ARC = YES;
				CLANG_ENABLE_OBJC_WEAK = YES;
				CLANG_WARN_BLOCK_CAPTURE_AUTORELEASING = YES;
				CLANG_WARN_BOOL_CONVERSION = YES;
				CLANG_WARN_COMMA = YES;
				CLANG_WARN_CONSTANT_CONVERSION = YES;
				CLANG_WARN_DEPRECATED_OBJC_IMPLEMENTATIONS = YES;
				CLANG_WARN_DIRECT_OBJC_ISA_USAGE = YES_ERROR;
				CLANG_WARN_DOCUMENTATION_COMMENTS = YES;
				CLANG_WARN_EMPTY_BODY = YES;
				CLANG_WARN_ENUM_CONVERSION = YES;
				CLANG_WARN_INFINITE_RECURSION = YES;
				CLANG_WARN_INT_CONVERSION = YES;
				CLANG_WARN_NON_LITERAL_NULL_CONVERSION = YES;
				CLANG_WARN_OBJC_IMPLICIT_RETAIN_SELF = YES;
				CLANG_WARN_OBJC_LITERAL_CONVERSION = YES;
				CLANG_WARN_OBJC_ROOT_CLASS = YES_ERROR;
				CLANG_WARN_QUOTED_INCLUDE_IN_FRAMEWORK_HEADER = YES;
				CLANG_WARN_RANGE_LOOP_ANALYSIS = YES;
				CLANG_WARN_STRICT_PROTOTYPES = YES;
				CLANG_WARN_SUSPICIOUS_MOVE = YES;
				CLANG_WARN_UNGUARDED_AVAILABILITY = YES_AGGRESSIVE;
				CLANG_WARN_UNREACHABLE_CODE = YES;
				CLANG_WARN__DUPLICATE_METHOD_MATCH = YES;
				COPY_PHASE_STRIP = NO;
				DEBUG_INFORMATION_FORMAT = dwarf;
				ENABLE_STRICT_OBJC_MSGSEND = YES;
				ENABLE_TESTABILITY = YES;
				GCC_C_LANGUAGE_STANDARD = gnu11;
				GCC_DYNAMIC_NO_PIC = NO;
				GCC_NO_COMMON_BLOCKS = YES;
				GCC_OPTIMIZATION_LEVEL = 0;
				GCC_PREPROCESSOR_DEFINITIONS = (
					"DEBUG=1",
					"$(inherited)",
				);
				GCC_WARN_64_TO_32_BIT_CONVERSION = YES;
				GCC_WARN_ABOUT_RETURN_TYPE = YES_ERROR;
				GCC_WARN_UNDECLARED_SELECTOR = YES;
				GCC_WARN_UNINITIALIZED_AUTOS = YES_AGGRESSIVE;
				GCC_WARN_UNUSED_FUNCTION = YES;
				GCC_WARN_UNUSED_VARIABLE = YES;
				IPHONEOS_DEPLOYMENT_TARGET = 16.4;
				MTL_ENABLE_DEBUG_INFO = INCLUDE_SOURCE;
				MTL_FAST_MATH = YES;
				ONLY_ACTIVE_ARCH = YES;
				SDKROOT = iphoneos;
				SWIFT_ACTIVE_COMPILATION_CONDITIONS = DEBUG;
				SWIFT_OPTIMIZATION_LEVEL = "-Onone";
			};
			name = Debug;
		};
		D35FC57A2AAFDC4200BC5D14 /* Release */ = {
			isa = XCBuildConfiguration;
			buildSettings = {
				ALWAYS_SEARCH_USER_PATHS = NO;
				CLANG_ANALYZER_NONNULL = YES;
				CLANG_ANALYZER_NUMBER_OBJECT_CONVERSION = YES_AGGRESSIVE;
				CLANG_CXX_LANGUAGE_STANDARD = "gnu++20";
				CLANG_ENABLE_MODULES = YES;
				CLANG_ENABLE_OBJC_ARC = YES;
				CLANG_ENABLE_OBJC_WEAK = YES;
				CLANG_WARN_BLOCK_CAPTURE_AUTORELEASING = YES;
				CLANG_WARN_BOOL_CONVERSION = YES;
				CLANG_WARN_COMMA = YES;
				CLANG_WARN_CONSTANT_CONVERSION = YES;
				CLANG_WARN_DEPRECATED_OBJC_IMPLEMENTATIONS = YES;
				CLANG_WARN_DIRECT_OBJC_ISA_USAGE = YES_ERROR;
				CLANG_WARN_DOCUMENTATION_COMMENTS = YES;
				CLANG_WARN_EMPTY_BODY = YES;
				CLANG_WARN_ENUM_CONVERSION = YES;
				CLANG_WARN_INFINITE_RECURSION = YES;
				CLANG_WARN_INT_CONVERSION = YES;
				CLANG_WARN_NON_LITERAL_NULL_CONVERSION = YES;
				CLANG_WARN_OBJC_IMPLICIT_RETAIN_SELF = YES;
				CLANG_WARN_OBJC_LITERAL_CONVERSION = YES;
				CLANG_WARN_OBJC_ROOT_CLASS = YES_ERROR;
				CLANG_WARN_QUOTED_INCLUDE_IN_FRAMEWORK_HEADER = YES;
				CLANG_WARN_RANGE_LOOP_ANALYSIS = YES;
				CLANG_WARN_STRICT_PROTOTYPES = YES;
				CLANG_WARN_SUSPICIOUS_MOVE = YES;
				CLANG_WARN_UNGUARDED_AVAILABILITY = YES_AGGRESSIVE;
				CLANG_WARN_UNREACHABLE_CODE = YES;
				CLANG_WARN__DUPLICATE_METHOD_MATCH = YES;
				COPY_PHASE_STRIP = NO;
				DEBUG_INFORMATION_FORMAT = "dwarf-with-dsym";
				ENABLE_NS_ASSERTIONS = NO;
				ENABLE_STRICT_OBJC_MSGSEND = YES;
				GCC_C_LANGUAGE_STANDARD = gnu11;
				GCC_NO_COMMON_BLOCKS = YES;
				GCC_WARN_64_TO_32_BIT_CONVERSION = YES;
				GCC_WARN_ABOUT_RETURN_TYPE = YES_ERROR;
				GCC_WARN_UNDECLARED_SELECTOR = YES;
				GCC_WARN_UNINITIALIZED_AUTOS = YES_AGGRESSIVE;
				GCC_WARN_UNUSED_FUNCTION = YES;
				GCC_WARN_UNUSED_VARIABLE = YES;
				IPHONEOS_DEPLOYMENT_TARGET = 16.4;
				MTL_ENABLE_DEBUG_INFO = NO;
				MTL_FAST_MATH = YES;
				SDKROOT = iphoneos;
				SWIFT_COMPILATION_MODE = wholemodule;
				SWIFT_OPTIMIZATION_LEVEL = "-O";
				VALIDATE_PRODUCT = YES;
			};
			name = Release;
		};
		D35FC57C2AAFDC4200BC5D14 /* Debug */ = {
			isa = XCBuildConfiguration;
			buildSettings = {
				ASSETCATALOG_COMPILER_APPICON_NAME = AppIcon;
				ASSETCATALOG_COMPILER_GLOBAL_ACCENT_COLOR_NAME = AccentColor;
				CODE_SIGN_STYLE = Automatic;
				CURRENT_PROJECT_VERSION = 1;
				DEVELOPMENT_TEAM = 3R45N6NL9P;
				GENERATE_INFOPLIST_FILE = YES;
				INFOPLIST_FILE = "CollectionView In TableView/Info.plist";
				INFOPLIST_KEY_UIApplicationSupportsIndirectInputEvents = YES;
				INFOPLIST_KEY_UILaunchStoryboardName = LaunchScreen;
				INFOPLIST_KEY_UISupportedInterfaceOrientations_iPad = "UIInterfaceOrientationPortrait UIInterfaceOrientationPortraitUpsideDown UIInterfaceOrientationLandscapeLeft UIInterfaceOrientationLandscapeRight";
				INFOPLIST_KEY_UISupportedInterfaceOrientations_iPhone = "UIInterfaceOrientationPortrait UIInterfaceOrientationLandscapeLeft UIInterfaceOrientationLandscapeRight";
				LD_RUNPATH_SEARCH_PATHS = (
					"$(inherited)",
					"@executable_path/Frameworks",
				);
				MARKETING_VERSION = 1.0;
				PRODUCT_BUNDLE_IDENTIFIER = "JohnyJocose.CollectionView-In-TableView";
				PRODUCT_NAME = "$(TARGET_NAME)";
				SWIFT_EMIT_LOC_STRINGS = YES;
				SWIFT_VERSION = 5.0;
				TARGETED_DEVICE_FAMILY = "1,2";
			};
			name = Debug;
		};
		D35FC57D2AAFDC4200BC5D14 /* Release */ = {
			isa = XCBuildConfiguration;
			buildSettings = {
				ASSETCATALOG_COMPILER_APPICON_NAME = AppIcon;
				ASSETCATALOG_COMPILER_GLOBAL_ACCENT_COLOR_NAME = AccentColor;
				CODE_SIGN_STYLE = Automatic;
				CURRENT_PROJECT_VERSION = 1;
				DEVELOPMENT_TEAM = 3R45N6NL9P;
				GENERATE_INFOPLIST_FILE = YES;
				INFOPLIST_FILE = "CollectionView In TableView/Info.plist";
				INFOPLIST_KEY_UIApplicationSupportsIndirectInputEvents = YES;
				INFOPLIST_KEY_UILaunchStoryboardName = LaunchScreen;
				INFOPLIST_KEY_UISupportedInterfaceOrientations_iPad = "UIInterfaceOrientationPortrait UIInterfaceOrientationPortraitUpsideDown UIInterfaceOrientationLandscapeLeft UIInterfaceOrientationLandscapeRight";
				INFOPLIST_KEY_UISupportedInterfaceOrientations_iPhone = "UIInterfaceOrientationPortrait UIInterfaceOrientationLandscapeLeft UIInterfaceOrientationLandscapeRight";
				LD_RUNPATH_SEARCH_PATHS = (
					"$(inherited)",
					"@executable_path/Frameworks",
				);
				MARKETING_VERSION = 1.0;
				PRODUCT_BUNDLE_IDENTIFIER = "JohnyJocose.CollectionView-In-TableView";
				PRODUCT_NAME = "$(TARGET_NAME)";
				SWIFT_EMIT_LOC_STRINGS = YES;
				SWIFT_VERSION = 5.0;
				TARGETED_DEVICE_FAMILY = "1,2";
			};
			name = Release;
		};
/* End XCBuildConfiguration section */

/* Begin XCConfigurationList section */
		D35FC5622AAFDC4000BC5D14 /* Build configuration list for PBXProject "CollectionView In TableView" */ = {
			isa = XCConfigurationList;
			buildConfigurations = (
				D35FC5792AAFDC4200BC5D14 /* Debug */,
				D35FC57A2AAFDC4200BC5D14 /* Release */,
			);
			defaultConfigurationIsVisible = 0;
			defaultConfigurationName = Release;
		};
		D35FC57B2AAFDC4200BC5D14 /* Build configuration list for PBXNativeTarget "CollectionView In TableView" */ = {
			isa = XCConfigurationList;
			buildConfigurations = (
				D35FC57C2AAFDC4200BC5D14 /* Debug */,
				D35FC57D2AAFDC4200BC5D14 /* Release */,
			);
			defaultConfigurationIsVisible = 0;
			defaultConfigurationName = Release;
		};
/* End XCConfigurationList section */
	};
	rootObject = D35FC55F2AAFDC4000BC5D14 /* Project object */;
}
